<?xml version="1.0" encoding="utf-8"?>
<Project xmlns="http://schemas.microsoft.com/developer/msbuild/2003">
  <ItemGroup>
    <Filter Include="Form Files">
      <UniqueIdentifier>{99349809-55BA-4b9d-BF79-8FDBB0286EB3}</UniqueIdentifier>
      <Extensions>ui</Extensions>
      <ParseFiles>false</ParseFiles>
    </Filter>
    <Filter Include="Form Files">
      <UniqueIdentifier>{99349809-55BA-4b9d-BF79-8FDBB0286EB3}</UniqueIdentifier>
      <Extensions>ui</Extensions>
      <ParseFiles>false</ParseFiles>
    </Filter>
    <Filter Include="Generated Files">
      <UniqueIdentifier>{71ED8ED8-ACB9-4CE9-BBE1-E00B30144E11}</UniqueIdentifier>
      <Extensions>cpp;c;cxx;moc;h;def;odl;idl;res;</Extensions>
    </Filter>
    <Filter Include="Generated Files">
      <UniqueIdentifier>{71ED8ED8-ACB9-4CE9-BBE1-E00B30144E11}</UniqueIdentifier>
      <Extensions>cpp;c;cxx;moc;h;def;odl;idl;res;</Extensions>
    </Filter>
    <Filter Include="Header Files">
      <UniqueIdentifier>{93995380-89BD-4b04-88EB-625FBE52EBFB}</UniqueIdentifier>
      <Extensions>h;hpp;hxx;hm;inl;inc;xsd</Extensions>
    </Filter>
    <Filter Include="Header Files">
      <UniqueIdentifier>{93995380-89BD-4b04-88EB-625FBE52EBFB}</UniqueIdentifier>
      <Extensions>h;hpp;hxx;hm;inl;inc;xsd</Extensions>
    </Filter>
    <Filter Include="Source Files">
      <UniqueIdentifier>{4FC737F1-C7A5-4376-A066-2A32D752A2FF}</UniqueIdentifier>
      <Extensions>cpp;c;cxx;def;odl;idl;hpj;bat;asm;asmx</Extensions>
    </Filter>
    <Filter Include="Source Files">
      <UniqueIdentifier>{4FC737F1-C7A5-4376-A066-2A32D752A2FF}</UniqueIdentifier>
      <Extensions>cpp;c;cxx;def;odl;idl;hpj;bat;asm;asmx</Extensions>
    </Filter>
    <Filter Include="Generated Files\Debug">
      <UniqueIdentifier>{34651c10-190d-4011-8e06-fa44bfba6fc1}</UniqueIdentifier>
      <Extensions>cpp;moc</Extensions>
      <SourceControlFiles>False</SourceControlFiles>
    </Filter>
    <Filter Include="Generated Files\Release">
      <UniqueIdentifier>{fec234c7-c24b-4f65-b4d4-0fac90406f29}</UniqueIdentifier>
      <Extensions>cpp;moc</Extensions>
      <SourceControlFiles>False</SourceControlFiles>
    </Filter>
  </ItemGroup>
  <ItemGroup>
    <ClCompile Include="antiforget.cpp">
      <Filter>Source Files</Filter>
    </ClCompile>
    <ClCompile Include="clickrightbutton.cpp">
      <Filter>Source Files</Filter>
    </ClCompile>
    <ClCompile Include="clientcode.cpp">
      <Filter>Source Files</Filter>
    </ClCompile>
    <ClCompile Include="clientinfo.cpp">
      <Filter>Source Files</Filter>
    </ClCompile>
    <ClCompile Include="face.cpp">
      <Filter>Source Files</Filter>
    </ClCompile>
    <ClCompile Include="filepackage.cpp">
      <Filter>Source Files</Filter>
    </ClCompile>
    <ClCompile Include="fileshareclient.cpp">
      <Filter>Source Files</Filter>
    </ClCompile>
    <ClCompile Include="fileshareserver.cpp">
      <Filter>Source Files</Filter>
    </ClCompile>
    <ClCompile Include="friendpart.cpp">
      <Filter>Source Files</Filter>
    </ClCompile>
    <ClCompile Include="groupinfo.cpp">
      <Filter>Source Files</Filter>
    </ClCompile>
    <ClCompile Include="help.cpp">
      <Filter>Source Files</Filter>
    </ClCompile>
    <ClCompile Include="main.cpp">
      <Filter>Source Files</Filter>
    </ClCompile>
    <ClCompile Include="movefriendtonewgroup.cpp">
      <Filter>Source Files</Filter>
    </ClCompile>
    <ClCompile Include="readxml.cpp">
      <Filter>Source Files</Filter>
    </ClCompile>
    <ClCompile Include="set.cpp">
      <Filter>Source Files</Filter>
    </ClCompile>
    <ClCompile Include="snake.cpp">
      <Filter>Source Files</Filter>
    </ClCompile>
    <ClCompile Include="sysbutton.cpp">
      <Filter>Source Files</Filter>
    </ClCompile>
    <ClCompile Include="tcpclient.cpp">
      <Filter>Source Files</Filter>
    </ClCompile>
    <ClCompile Include="tcpserver.cpp">
      <Filter>Source Files</Filter>
    </ClCompile>
    <ClCompile Include="widget.cpp">
      <Filter>Source Files</Filter>
    </ClCompile>
    <ClCompile Include="writexml.cpp">
      <Filter>Source Files</Filter>
    </ClCompile>
    <ClCompile Include="wyface.cpp">
      <Filter>Source Files</Filter>
    </ClCompile>
    <ClCompile Include="wytcpclient.cpp">
      <Filter>Source Files</Filter>
    </ClCompile>
    <ClCompile Include="wytcpserver.cpp">
      <Filter>Source Files</Filter>
    </ClCompile>
    <ClCompile Include="wywidget.cpp">
      <Filter>Source Files</Filter>
    </ClCompile>
    <ClCompile Include="yingyong.cpp">
      <Filter>Source Files</Filter>
    </ClCompile>
    <ClCompile Include="ymzwidget.cpp">
      <Filter>Source Files</Filter>
    </ClCompile>
    <ClCompile Include="yoajiang.cpp">
      <Filter>Source Files</Filter>
    </ClCompile>
    <ClCompile Include="Debug\moc_antiforget.cpp">
      <Filter>Generated Files\Debug</Filter>
    </ClCompile>
    <ClCompile Include="Release\moc_antiforget.cpp">
      <Filter>Generated Files\Release</Filter>
    </ClCompile>
    <ClCompile Include="Debug\moc_clickrightbutton.cpp">
      <Filter>Generated Files\Debug</Filter>
    </ClCompile>
    <ClCompile Include="Release\moc_clickrightbutton.cpp">
      <Filter>Generated Files\Release</Filter>
    </ClCompile>
    <ClCompile Include="Debug\moc_face.cpp">
      <Filter>Generated Files\Debug</Filter>
    </ClCompile>
    <ClCompile Include="Release\moc_face.cpp">
      <Filter>Generated Files\Release</Filter>
    </ClCompile>
    <ClCompile Include="Debug\moc_fileshareclient.cpp">
      <Filter>Generated Files\Debug</Filter>
    </ClCompile>
    <ClCompile Include="Release\moc_fileshareclient.cpp">
      <Filter>Generated Files\Release</Filter>
    </ClCompile>
    <ClCompile Include="Debug\moc_fileshareserver.cpp">
      <Filter>Generated Files\Debug</Filter>
    </ClCompile>
    <ClCompile Include="Release\moc_fileshareserver.cpp">
      <Filter>Generated Files\Release</Filter>
    </ClCompile>
    <ClCompile Include="Debug\moc_friendpart.cpp">
      <Filter>Generated Files\Debug</Filter>
    </ClCompile>
    <ClCompile Include="Release\moc_friendpart.cpp">
      <Filter>Generated Files\Release</Filter>
    </ClCompile>
    <ClCompile Include="Debug\moc_help.cpp">
      <Filter>Generated Files\Debug</Filter>
    </ClCompile>
    <ClCompile Include="Release\moc_help.cpp">
      <Filter>Generated Files\Release</Filter>
    </ClCompile>
    <ClCompile Include="Debug\moc_movefriendtonewgroup.cpp">
      <Filter>Generated Files\Debug</Filter>
    </ClCompile>
    <ClCompile Include="Release\moc_movefriendtonewgroup.cpp">
      <Filter>Generated Files\Release</Filter>
    </ClCompile>
    <ClCompile Include="Debug\moc_set.cpp">
      <Filter>Generated Files\Debug</Filter>
    </ClCompile>
    <ClCompile Include="Release\moc_set.cpp">
      <Filter>Generated Files\Release</Filter>
    </ClCompile>
    <ClCompile Include="Debug\moc_snake.cpp">
      <Filter>Generated Files\Debug</Filter>
    </ClCompile>
    <ClCompile Include="Release\moc_snake.cpp">
      <Filter>Generated Files\Release</Filter>
    </ClCompile>
    <ClCompile Include="Debug\moc_sysbutton.cpp">
      <Filter>Generated Files\Debug</Filter>
    </ClCompile>
    <ClCompile Include="Release\moc_sysbutton.cpp">
      <Filter>Generated Files\Release</Filter>
    </ClCompile>
    <ClCompile Include="Debug\moc_tcpclient.cpp">
      <Filter>Generated Files\Debug</Filter>
    </ClCompile>
    <ClCompile Include="Release\moc_tcpclient.cpp">
      <Filter>Generated Files\Release</Filter>
    </ClCompile>
    <ClCompile Include="Debug\moc_tcpserver.cpp">
      <Filter>Generated Files\Debug</Filter>
    </ClCompile>
    <ClCompile Include="Release\moc_tcpserver.cpp">
      <Filter>Generated Files\Release</Filter>
    </ClCompile>
    <ClCompile Include="Debug\moc_widget.cpp">
      <Filter>Generated Files\Debug</Filter>
    </ClCompile>
    <ClCompile Include="Release\moc_widget.cpp">
      <Filter>Generated Files\Release</Filter>
    </ClCompile>
    <ClCompile Include="Debug\moc_wyface.cpp">
      <Filter>Generated Files\Debug</Filter>
    </ClCompile>
    <ClCompile Include="Release\moc_wyface.cpp">
      <Filter>Generated Files\Release</Filter>
    </ClCompile>
    <ClCompile Include="Debug\moc_wytcpclient.cpp">
      <Filter>Generated Files\Debug</Filter>
    </ClCompile>
    <ClCompile Include="Release\moc_wytcpclient.cpp">
      <Filter>Generated Files\Release</Filter>
    </ClCompile>
    <ClCompile Include="Debug\moc_wytcpserver.cpp">
      <Filter>Generated Files\Debug</Filter>
    </ClCompile>
    <ClCompile Include="Release\moc_wytcpserver.cpp">
      <Filter>Generated Files\Release</Filter>
    </ClCompile>
    <ClCompile Include="Debug\moc_wywidget.cpp">
      <Filter>Generated Files\Debug</Filter>
    </ClCompile>
    <ClCompile Include="Release\moc_wywidget.cpp">
      <Filter>Generated Files\Release</Filter>
    </ClCompile>
    <ClCompile Include="Debug\moc_yingyong.cpp">
      <Filter>Generated Files\Debug</Filter>
    </ClCompile>
    <ClCompile Include="Release\moc_yingyong.cpp">
      <Filter>Generated Files\Release</Filter>
    </ClCompile>
    <ClCompile Include="Debug\moc_ymzwidget.cpp">
      <Filter>Generated Files\Debug</Filter>
    </ClCompile>
    <ClCompile Include="Release\moc_ymzwidget.cpp">
      <Filter>Generated Files\Release</Filter>
    </ClCompile>
    <ClCompile Include="Debug\moc_yoajiang.cpp">
      <Filter>Generated Files\Debug</Filter>
    </ClCompile>
    <ClCompile Include="Release\moc_yoajiang.cpp">
      <Filter>Generated Files\Release</Filter>
    </ClCompile>
  </ItemGroup>
  <ItemGroup>
    <CustomBuild Include="antiforget.h">
      <Filter>Header Files</Filter>
    </CustomBuild>
    <CustomBuild Include="clickrightbutton.h">
      <Filter>Header Files</Filter>
    </CustomBuild>
    <ClInclude Include="clientcode.h">
      <Filter>Header Files</Filter>
    </ClInclude>
    <ClInclude Include="clientinfo.h">
      <Filter>Header Files</Filter>
    </ClInclude>
    <CustomBuild Include="face.h">
      <Filter>Header Files</Filter>
    </CustomBuild>
    <ClInclude Include="filepackage.h">
      <Filter>Header Files</Filter>
    </ClInclude>
    <CustomBuild Include="fileshareclient.h">
      <Filter>Header Files</Filter>
    </CustomBuild>
    <CustomBuild Include="fileshareserver.h">
      <Filter>Header Files</Filter>
    </CustomBuild>
    <CustomBuild Include="friendpart.h">
      <Filter>Header Files</Filter>
    </CustomBuild>
    <ClInclude Include="groupinfo.h">
      <Filter>Header Files</Filter>
    </ClInclude>
    <CustomBuild Include="help.h">
      <Filter>Header Files</Filter>
    </CustomBuild>
    <CustomBuild Include="movefriendtonewgroup.h">
      <Filter>Header Files</Filter>
    </CustomBuild>
    <ClInclude Include="readxml.h">
      <Filter>Header Files</Filter>
    </ClInclude>
    <CustomBuild Include="set.h">
      <Filter>Header Files</Filter>
    </CustomBuild>
    <CustomBuild Include="snake.h">
      <Filter>Header Files</Filter>
    </CustomBuild>
    <CustomBuild Include="sysbutton.h">
      <Filter>Header Files</Filter>
    </CustomBuild>
    <CustomBuild Include="tcpclient.h">
      <Filter>Header Files</Filter>
    </CustomBuild>
    <CustomBuild Include="tcpserver.h">
      <Filter>Header Files</Filter>
    </CustomBuild>
    <CustomBuild Include="widget.h">
      <Filter>Header Files</Filter>
    </CustomBuild>
    <ClInclude Include="writexml.h">
      <Filter>Header Files</Filter>
    </ClInclude>
    <CustomBuild Include="wyface.h">
      <Filter>Header Files</Filter>
    </CustomBuild>
    <CustomBuild Include="wytcpclient.h">
      <Filter>Header Files</Filter>
    </CustomBuild>
    <CustomBuild Include="wytcpserver.h">
      <Filter>Header Files</Filter>
    </CustomBuild>
    <CustomBuild Include="wywidget.h">
      <Filter>Header Files</Filter>
    </CustomBuild>
    <CustomBuild Include="yingyong.h">
      <Filter>Header Files</Filter>
    </CustomBuild>
    <CustomBuild Include="ymzwidget.h">
      <Filter>Header Files</Filter>
    </CustomBuild>
    <CustomBuild Include="yoajiang.h">
      <Filter>Header Files</Filter>
    </CustomBuild>
  </ItemGroup>
  <ItemGroup>
    <CustomBuild Include="debug\moc_predefs.h.cbt">
      <Filter>Generated Files</Filter>
    </CustomBuild>
    <CustomBuild Include="release\moc_predefs.h.cbt">
      <Filter>Generated Files</Filter>
    </CustomBuild>
  </ItemGroup>
  <ItemGroup>
    <CustomBuild Include="antiforget.ui">
      <Filter>Form Files</Filter>
    </CustomBuild>
    <CustomBuild Include="changegroup.ui">
      <Filter>Form Files</Filter>
    </CustomBuild>
    <CustomBuild Include="clickrightbutton.ui">
      <Filter>Form Files</Filter>
    </CustomBuild>
    <CustomBuild Include="face.ui">
      <Filter>Form Files</Filter>
    </CustomBuild>
    <CustomBuild Include="fileshareclient.ui">
      <Filter>Form Files</Filter>
    </CustomBuild>
    <CustomBuild Include="fileshareserver.ui">
      <Filter>Form Files</Filter>
    </CustomBuild>
    <CustomBuild Include="help.ui">
      <Filter>Form Files</Filter>
    </CustomBuild>
    <CustomBuild Include="lilintao.ui">
      <Filter>Form Files</Filter>
    </CustomBuild>
    <CustomBuild Include="movefriendtonewgroup.ui">
      <Filter>Form Files</Filter>
    </CustomBuild>
    <CustomBuild Include="set.ui">
      <Filter>Form Files</Filter>
    </CustomBuild>
    <CustomBuild Include="snake.ui">
      <Filter>Form Files</Filter>
    </CustomBuild>
    <CustomBuild Include="tcpclient.ui">
      <Filter>Form Files</Filter>
    </CustomBuild>
    <CustomBuild Include="tcpserver.ui">
      <Filter>Form Files</Filter>
    </CustomBuild>
    <CustomBuild Include="wyface.ui">
      <Filter>Form Files</Filter>
    </CustomBuild>
    <CustomBuild Include="wytcpclient.ui">
      <Filter>Form Files</Filter>
    </CustomBuild>
    <CustomBuild Include="wytcpserver.ui">
      <Filter>Form Files</Filter>
    </CustomBuild>
    <CustomBuild Include="wywidget.ui">
      <Filter>Form Files</Filter>
    </CustomBuild>
    <CustomBuild Include="yingyong.ui">
      <Filter>Form Files</Filter>
    </CustomBuild>
    <CustomBuild Include="ymzwidget.ui">
      <Filter>Form Files</Filter>
    </CustomBuild>
    <CustomBuild Include="yoajiang.ui">
      <Filter>Form Files</Filter>
    </CustomBuild>
  </ItemGroup>
  <ItemGroup>
    <ResourceCompile Include="myico.rc" />
  </ItemGroup>
  <ItemGroup>
    <ClInclude Include="GeneratedFiles\ui_antiforget.h">
      <Filter>Generated Files</Filter>
    </ClInclude>
    <ClInclude Include="GeneratedFiles\ui_changegroup.h">
      <Filter>Generated Files</Filter>
    </ClInclude>
    <ClInclude Include="GeneratedFiles\ui_clickrightbutton.h">
      <Filter>Generated Files</Filter>
    </ClInclude>
    <ClInclude Include="GeneratedFiles\ui_face.h">
      <Filter>Generated Files</Filter>
    </ClInclude>
    <ClInclude Include="GeneratedFiles\ui_fileshareclient.h">
      <Filter>Generated Files</Filter>
    </ClInclude>
    <ClInclude Include="GeneratedFiles\ui_fileshareserver.h">
      <Filter>Generated Files</Filter>
    </ClInclude>
    <ClInclude Include="GeneratedFiles\ui_help.h">
      <Filter>Generated Files</Filter>
    </ClInclude>
    <ClInclude Include="GeneratedFiles\ui_lilintao.h">
      <Filter>Generated Files</Filter>
    </ClInclude>
    <ClInclude Include="GeneratedFiles\ui_movefriendtonewgroup.h">
      <Filter>Generated Files</Filter>
    </ClInclude>
    <ClInclude Include="GeneratedFiles\ui_set.h">
      <Filter>Generated Files</Filter>
    </ClInclude>
    <ClInclude Include="GeneratedFiles\ui_snake.h">
      <Filter>Generated Files</Filter>
    </ClInclude>
    <ClInclude Include="GeneratedFiles\ui_tcpclient.h">
      <Filter>Generated Files</Filter>
    </ClInclude>
    <ClInclude Include="GeneratedFiles\ui_tcpserver.h">
      <Filter>Generated Files</Filter>
    </ClInclude>
    <ClInclude Include="GeneratedFiles\ui_wyface.h">
      <Filter>Generated Files</Filter>
    </ClInclude>
    <ClInclude Include="GeneratedFiles\ui_wytcpclient.h">
      <Filter>Generated Files</Filter>
    </ClInclude>
    <ClInclude Include="GeneratedFiles\ui_wytcpserver.h">
      <Filter>Generated Files</Filter>
    </ClInclude>
    <ClInclude Include="GeneratedFiles\ui_wywidget.h">
      <Filter>Generated Files</Filter>
    </ClInclude>
    <ClInclude Include="GeneratedFiles\ui_yingyong.h">
      <Filter>Generated Files</Filter>
    </ClInclude>
    <ClInclude Include="GeneratedFiles\ui_ymzwidget.h">
      <Filter>Generated Files</Filter>
    </ClInclude>
    <ClInclude Include="GeneratedFiles\ui_yoajiang.h">
      <Filter>Generated Files</Filter>
    </ClInclude>
  </ItemGroup>
</Project>